// !$*UTF8*$!
{
	archiveVersion = 1;
	classes = {
	};
	objectVersion = 48;
	objects = {

/* Begin PBXBuildFile section */
		844DFE191FE034D10070223F /* AppDelegate.swift in Sources */ = {isa = PBXBuildFile; fileRef = 844DFE181FE034D10070223F /* AppDelegate.swift */; };
		844DFE1B1FE034D10070223F /* ViewController.swift in Sources */ = {isa = PBXBuildFile; fileRef = 844DFE1A1FE034D10070223F /* ViewController.swift */; };
		844DFE1E1FE034D10070223F /* Main.storyboard in Resources */ = {isa = PBXBuildFile; fileRef = 844DFE1C1FE034D10070223F /* Main.storyboard */; };
		844DFE201FE034D10070223F /* Assets.xcassets in Resources */ = {isa = PBXBuildFile; fileRef = 844DFE1F1FE034D10070223F /* Assets.xcassets */; };
		844DFE231FE034D10070223F /* LaunchScreen.storyboard in Resources */ = {isa = PBXBuildFile; fileRef = 844DFE211FE034D10070223F /* LaunchScreen.storyboard */; };
		844DFE2C1FE05A4F0070223F /* MapViewController.swift in Sources */ = {isa = PBXBuildFile; fileRef = 844DFE2B1FE05A4F0070223F /* MapViewController.swift */; };
		EB77D5758AE38597E768BA10 /* libPods-LunchToday.a in Frameworks */ = {isa = PBXBuildFile; fileRef = 089AA69F5F43DE1A640FCEC7 /* libPods-LunchToday.a */; };
/* End PBXBuildFile section */

/* Begin PBXFileReference section */
		089AA69F5F43DE1A640FCEC7 /* libPods-LunchToday.a */ = {isa = PBXFileReference; explicitFileType = archive.ar; includeInIndex = 0; path = "libPods-LunchToday.a"; sourceTree = BUILT_PRODUCTS_DIR; };
		362B302B1A3E1F0AEB2CFDD5 /* Pods-LunchToday.debug.xcconfig */ = {isa = PBXFileReference; includeInIndex = 1; lastKnownFileType = text.xcconfig; name = "Pods-LunchToday.debug.xcconfig"; path = "Pods/Target Support Files/Pods-LunchToday/Pods-LunchToday.debug.xcconfig"; sourceTree = "<group>"; };
		844DFE151FE034D10070223F /* LunchToday.app */ = {isa = PBXFileReference; explicitFileType = wrapper.application; includeInIndex = 0; path = LunchToday.app; sourceTree = BUILT_PRODUCTS_DIR; };
		844DFE181FE034D10070223F /* AppDelegate.swift */ = {isa = PBXFileReference; lastKnownFileType = sourcecode.swift; path = AppDelegate.swift; sourceTree = "<group>"; };
		844DFE1A1FE034D10070223F /* ViewController.swift */ = {isa = PBXFileReference; lastKnownFileType = sourcecode.swift; path = ViewController.swift; sourceTree = "<group>"; };
		844DFE1D1FE034D10070223F /* Base */ = {isa = PBXFileReference; lastKnownFileType = file.storyboard; name = Base; path = Base.lproj/Main.storyboard; sourceTree = "<group>"; };
		844DFE1F1FE034D10070223F /* Assets.xcassets */ = {isa = PBXFileReference; lastKnownFileType = folder.assetcatalog; path = Assets.xcassets; sourceTree = "<group>"; };
		844DFE221FE034D10070223F /* Base */ = {isa = PBXFileReference; lastKnownFileType = file.storyboard; name = Base; path = Base.lproj/LaunchScreen.storyboard; sourceTree = "<group>"; };
		844DFE241FE034D10070223F /* Info.plist */ = {isa = PBXFileReference; lastKnownFileType = text.plist.xml; path = Info.plist; sourceTree = "<group>"; };
		844DFE2B1FE05A4F0070223F /* MapViewController.swift */ = {isa = PBXFileReference; lastKnownFileType = sourcecode.swift; path = MapViewController.swift; sourceTree = "<group>"; };
		C57DDDAA34EF1E58DCBADFB2 /* Pods-LunchToday.release.xcconfig */ = {isa = PBXFileReference; includeInIndex = 1; lastKnownFileType = text.xcconfig; name = "Pods-LunchToday.release.xcconfig"; path = "Pods/Target Support Files/Pods-LunchToday/Pods-LunchToday.release.xcconfig"; sourceTree = "<group>"; };
/* End PBXFileReference section */

/* Begin PBXFrameworksBuildPhase section */
		844DFE121FE034D10070223F /* Frameworks */ = {
			isa = PBXFrameworksBuildPhase;
			buildActionMask = 2147483647;
			files = (
				EB77D5758AE38597E768BA10 /* libPods-LunchToday.a in Frameworks */,
			);
			runOnlyForDeploymentPostprocessing = 0;
		};
/* End PBXFrameworksBuildPhase section */

/* Begin PBXGroup section */
		844DFE0C1FE034D10070223F = {
			isa = PBXGroup;
			children = (
				844DFE171FE034D10070223F /* LunchToday */,
				844DFE161FE034D10070223F /* Products */,
				BE57CFA757DEB51A5F279615 /* Pods */,
				878FBCCFA0FB90A876AFD1CF /* Frameworks */,
			);
			sourceTree = "<group>";
		};
		844DFE161FE034D10070223F /* Products */ = {
			isa = PBXGroup;
			children = (
				844DFE151FE034D10070223F /* LunchToday.app */,
			);
			name = Products;
			sourceTree = "<group>";
		};
		844DFE171FE034D10070223F /* LunchToday */ = {
			isa = PBXGroup;
			children = (
				844DFE2A1FE035690070223F /* commons */,
				844DFE1A1FE034D10070223F /* ViewController.swift */,
				844DFE2B1FE05A4F0070223F /* MapViewController.swift */,
			);
			path = LunchToday;
			sourceTree = "<group>";
		};
		844DFE2A1FE035690070223F /* commons */ = {
			isa = PBXGroup;
			children = (
				844DFE1F1FE034D10070223F /* Assets.xcassets */,
				844DFE1C1FE034D10070223F /* Main.storyboard */,
				844DFE211FE034D10070223F /* LaunchScreen.storyboard */,
				844DFE241FE034D10070223F /* Info.plist */,
				844DFE181FE034D10070223F /* AppDelegate.swift */,
			);
			name = commons;
			sourceTree = "<group>";
		};
		878FBCCFA0FB90A876AFD1CF /* Frameworks */ = {
			isa = PBXGroup;
			children = (
				089AA69F5F43DE1A640FCEC7 /* libPods-LunchToday.a */,
			);
			name = Frameworks;
			sourceTree = "<group>";
		};
		BE57CFA757DEB51A5F279615 /* Pods */ = {
			isa = PBXGroup;
			children = (
				362B302B1A3E1F0AEB2CFDD5 /* Pods-LunchToday.debug.xcconfig */,
				C57DDDAA34EF1E58DCBADFB2 /* Pods-LunchToday.release.xcconfig */,
			);
			name = Pods;
			sourceTree = "<group>";
		};
/* End PBXGroup section */

/* Begin PBXNativeTarget section */
		844DFE141FE034D10070223F /* LunchToday */ = {
			isa = PBXNativeTarget;
			buildConfigurationList = 844DFE271FE034D10070223F /* Build configuration list for PBXNativeTarget "LunchToday" */;
			buildPhases = (
				3C580711A1DD2BC7DE8DC741 /* [CP] Check Pods Manifest.lock */,
				844DFE111FE034D10070223F /* Sources */,
				844DFE121FE034D10070223F /* Frameworks */,
				844DFE131FE034D10070223F /* Resources */,
				1D3F23A0E566EE44A5B0BE40 /* [CP] Embed Pods Frameworks */,
				08F95CBD88FBBB270F4AEDED /* [CP] Copy Pods Resources */,
			);
			buildRules = (
			);
			dependencies = (
			);
			name = LunchToday;
			productName = LunchToday;
			productReference = 844DFE151FE034D10070223F /* LunchToday.app */;
			productType = "com.apple.product-type.application";
		};
/* End PBXNativeTarget section */

/* Begin PBXProject section */
		844DFE0D1FE034D10070223F /* Project object */ = {
			isa = PBXProject;
			attributes = {
				LastSwiftUpdateCheck = 0920;
				LastUpgradeCheck = 0920;
				ORGANIZATIONNAME = lunchtoday;
				TargetAttributes = {
					844DFE141FE034D10070223F = {
						CreatedOnToolsVersion = 9.2;
						ProvisioningStyle = Automatic;
					};
				};
			};
			buildConfigurationList = 844DFE101FE034D10070223F /* Build configuration list for PBXProject "LunchToday" */;
			compatibilityVersion = "Xcode 8.0";
			developmentRegion = en;
			hasScannedForEncodings = 0;
			knownRegions = (
				en,
				Base,
			);
			mainGroup = 844DFE0C1FE034D10070223F;
			productRefGroup = 844DFE161FE034D10070223F /* Products */;
			projectDirPath = "";
			projectRoot = "";
			targets = (
				844DFE141FE034D10070223F /* LunchToday */,
			);
		};
/* End PBXProject section */

/* Begin PBXResourcesBuildPhase section */
		844DFE131FE034D10070223F /* Resources */ = {
			isa = PBXResourcesBuildPhase;
			buildActionMask = 2147483647;
			files = (
				844DFE231FE034D10070223F /* LaunchScreen.storyboard in Resources */,
				844DFE201FE034D10070223F /* Assets.xcassets in Resources */,
				844DFE1E1FE034D10070223F /* Main.storyboard in Resources */,
			);
			runOnlyForDeploymentPostprocessing = 0;
		};
/* End PBXResourcesBuildPhase section */

/* Begin PBXShellScriptBuildPhase section */
		08F95CBD88FBBB270F4AEDED /* [CP] Copy Pods Resources */ = {
			isa = PBXShellScriptBuildPhase;
			buildActionMask = 2147483647;
			files = (
			);
			inputPaths = (
				"${SRCROOT}/Pods/Target Support Files/Pods-LunchToday/Pods-LunchToday-resources.sh",
				"${PODS_ROOT}/GoogleMaps/Maps/Frameworks/GoogleMaps.framework/Resources/GoogleMaps.bundle",
			);
			name = "[CP] Copy Pods Resources";
			outputPaths = (
				"${TARGET_BUILD_DIR}/${UNLOCALIZED_RESOURCES_FOLDER_PATH}",
			);
			runOnlyForDeploymentPostprocessing = 0;
			shellPath = /bin/sh;
			shellScript = "\"${SRCROOT}/Pods/Target Support Files/Pods-LunchToday/Pods-LunchToday-resources.sh\"\n";
			showEnvVarsInLog = 0;
		};
		1D3F23A0E566EE44A5B0BE40 /* [CP] Embed Pods Frameworks */ = {
			isa = PBXShellScriptBuildPhase;
			buildActionMask = 2147483647;
			files = (
			);
			inputPaths = (
			);
			name = "[CP] Embed Pods Frameworks";
			outputPaths = (
			);
			runOnlyForDeploymentPostprocessing = 0;
			shellPath = /bin/sh;
			shellScript = "\"${SRCROOT}/Pods/Target Support Files/Pods-LunchToday/Pods-LunchToday-frameworks.sh\"\n";
			showEnvVarsInLog = 0;
		};
		3C580711A1DD2BC7DE8DC741 /* [CP] Check Pods Manifest.lock */ = {
			isa = PBXShellScriptBuildPhase;
			buildActionMask = 2147483647;
			files = (
			);
			inputPaths = (
				"${PODS_PODFILE_DIR_PATH}/Podfile.lock",
				"${PODS_ROOT}/Manifest.lock",
			);
			name = "[CP] Check Pods Manifest.lock";
			outputPaths = (
				"$(DERIVED_FILE_DIR)/Pods-LunchToday-checkManifestLockResult.txt",
			);
			runOnlyForDeploymentPostprocessing = 0;
			shellPath = /bin/sh;
			shellScript = "diff \"${PODS_PODFILE_DIR_PATH}/Podfile.lock\" \"${PODS_ROOT}/Manifest.lock\" > /dev/null\nif [ $? != 0 ] ; then\n    # print error to STDERR\n    echo \"error: The sandbox is not in sync with the Podfile.lock. Run 'pod install' or update your CocoaPods installation.\" >&2\n    exit 1\nfi\n# This output is used by Xcode 'outputs' to avoid re-running this script phase.\necho \"SUCCESS\" > \"${SCRIPT_OUTPUT_FILE_0}\"\n";
			showEnvVarsInLog = 0;
		};
/* End PBXShellScriptBuildPhase section */

/* Begin PBXSourcesBuildPhase section */
		844DFE111FE034D10070223F /* Sources */ = {
			isa = PBXSourcesBuildPhase;
			buildActionMask = 2147483647;
			files = (
				844DFE1B1FE034D10070223F /* ViewController.swift in Sources */,
				844DFE2C1FE05A4F0070223F /* MapViewController.swift in Sources */,
				844DFE191FE034D10070223F /* AppDelegate.swift in Sources */,
			);
			runOnlyForDeploymentPostprocessing = 0;
		};
/* End PBXSourcesBuildPhase section */

/* Begin PBXVariantGroup section */
		844DFE1C1FE034D10070223F /* Main.storyboard */ = {
			isa = PBXVariantGroup;
			children = (
				844DFE1D1FE034D10070223F /* Base */,
			);
			name = Main.storyboard;
			sourceTree = "<group>";
		};
		844DFE211FE034D10070223F /* LaunchScreen.storyboard */ = {
			isa = PBXVariantGroup;
			children = (
				844DFE221FE034D10070223F /* Base */,
			);
			name = LaunchScreen.storyboard;
			sourceTree = "<group>";
		};
/* End PBXVariantGroup section */

/* Begin XCBuildConfiguration section */
		844DFE251FE034D10070223F /* Debug */ = {
			isa = XCBuildConfiguration;
			buildSettings = {
				ALWAYS_SEARCH_USER_PATHS = NO;
				CLANG_ANALYZER_NONNULL = YES;
				CLANG_ANALYZER_NUMBER_OBJECT_CONVERSION = YES_AGGRESSIVE;
				CLANG_CXX_LANGUAGE_STANDARD = "gnu++14";
				CLANG_CXX_LIBRARY = "libc++";
				CLANG_ENABLE_MODULES = YES;
				CLANG_ENABLE_OBJC_ARC = YES;
				CLANG_WARN_BLOCK_CAPTURE_AUTORELEASING = YES;
				CLANG_WARN_BOOL_CONVERSION = YES;
				CLANG_WARN_COMMA = YES;
				CLANG_WARN_CONSTANT_CONVERSION = YES;
				CLANG_WARN_DIRECT_OBJC_ISA_USAGE = YES_ERROR;
				CLANG_WARN_DOCUMENTATION_COMMENTS = YES;
				CLANG_WARN_EMPTY_BODY = YES;
				CLANG_WARN_ENUM_CONVERSION = YES;
				CLANG_WARN_INFINITE_RECURSION = YES;
				CLANG_WARN_INT_CONVERSION = YES;
				CLANG_WARN_NON_LITERAL_NULL_CONVERSION = YES;
				CLANG_WARN_OBJC_LITERAL_CONVERSION = YES;
				CLANG_WARN_OBJC_ROOT_CLASS = YES_ERROR;
				CLANG_WARN_RANGE_LOOP_ANALYSIS = YES;
				CLANG_WARN_STRICT_PROTOTYPES = YES;
				CLANG_WARN_SUSPICIOUS_MOVE = YES;
				CLANG_WARN_UNGUARDED_AVAILABILITY = YES_AGGRESSIVE;
				CLANG_WARN_UNREACHABLE_CODE = YES;
				CLANG_WARN__DUPLICATE_METHOD_MATCH = YES;
				CODE_SIGN_IDENTITY = "iPhone Developer";
				COPY_PHASE_STRIP = NO;
				DEBUG_INFORMATION_FORMAT = dwarf;
				ENABLE_STRICT_OBJC_MSGSEND = YES;
				ENABLE_TESTABILITY = YES;
				GCC_C_LANGUAGE_STANDARD = gnu11;
				GCC_DYNAMIC_NO_PIC = NO;
				GCC_NO_COMMON_BLOCKS = YES;
				GCC_OPTIMIZATION_LEVEL = 0;
				GCC_PREPROCESSOR_DEFINITIONS = (
					"DEBUG=1",
					"$(inherited)",
				);
				GCC_WARN_64_TO_32_BIT_CONVERSION = YES;
				GCC_WARN_ABOUT_RETURN_TYPE = YES_ERROR;
				GCC_WARN_UNDECLARED_SELECTOR = YES;
				GCC_WARN_UNINITIALIZED_AUTOS = YES_AGGRESSIVE;
				GCC_WARN_UNUSED_FUNCTION = YES;
				GCC_WARN_UNUSED_VARIABLE = YES;
				IPHONEOS_DEPLOYMENT_TARGET = 11.2;
				MTL_ENABLE_DEBUG_INFO = YES;
				ONLY_ACTIVE_ARCH = YES;
				SDKROOT = iphoneos;
				SWIFT_ACTIVE_COMPILATION_CONDITIONS = DEBUG;
				SWIFT_OPTIMIZATION_LEVEL = "-Onone";
			};
			name = Debug;
		};
		844DFE261FE034D10070223F /* Release */ = {
			isa = XCBuildConfiguration;
			buildSettings = {
				ALWAYS_SEARCH_USER_PATHS = NO;
				CLANG_ANALYZER_NONNULL = YES;
				CLANG_ANALYZER_NUMBER_OBJECT_CONVERSION = YES_AGGRESSIVE;
				CLANG_CXX_LANGUAGE_STANDARD = "gnu++14";
				CLANG_CXX_LIBRARY = "libc++";
				CLANG_ENABLE_MODULES = YES;
				CLANG_ENABLE_OBJC_ARC = YES;
				CLANG_WARN_BLOCK_CAPTURE_AUTORELEASING = YES;
				CLANG_WARN_BOOL_CONVERSION = YES;
				CLANG_WARN_COMMA = YES;
				CLANG_WARN_CONSTANT_CONVERSION = YES;
				CLANG_WARN_DIRECT_OBJC_ISA_USAGE = YES_ERROR;
				CLANG_WARN_DOCUMENTATION_COMMENTS = YES;
				CLANG_WARN_EMPTY_BODY = YES;
				CLANG_WARN_ENUM_CONVERSION = YES;
				CLANG_WARN_INFINITE_RECURSION = YES;
				CLANG_WARN_INT_CONVERSION = YES;
				CLANG_WARN_NON_LITERAL_NULL_CONVERSION = YES;
				CLANG_WARN_OBJC_LITERAL_CONVERSION = YES;
				CLANG_WARN_OBJC_ROOT_CLASS = YES_ERROR;
				CLANG_WARN_RANGE_LOOP_ANALYSIS = YES;
				CLANG_WARN_STRICT_PROTOTYPES = YES;
				CLANG_WARN_SUSPICIOUS_MOVE = YES;
				CLANG_WARN_UNGUARDED_AVAILABILITY = YES_AGGRESSIVE;
				CLANG_WARN_UNREACHABLE_CODE = YES;
				CLANG_WARN__DUPLICATE_METHOD_MATCH = YES;
				CODE_SIGN_IDENTITY = "iPhone Developer";
				COPY_PHASE_STRIP = NO;
				DEBUG_INFORMATION_FORMAT = "dwarf-with-dsym";
				ENABLE_NS_ASSERTIONS = NO;
				ENABLE_STRICT_OBJC_MSGSEND = YES;
				GCC_C_LANGUAGE_STANDARD = gnu11;
				GCC_NO_COMMON_BLOCKS = YES;
				GCC_WARN_64_TO_32_BIT_CONVERSION = YES;
				GCC_WARN_ABOUT_RETURN_TYPE = YES_ERROR;
				GCC_WARN_UNDECLARED_SELECTOR = YES;
				GCC_WARN_UNINITIALIZED_AUTOS = YES_AGGRESSIVE;
				GCC_WARN_UNUSED_FUNCTION = YES;
				GCC_WARN_UNUSED_VARIABLE = YES;
				IPHONEOS_DEPLOYMENT_TARGET = 11.2;
				MTL_ENABLE_DEBUG_INFO = NO;
				SDKROOT = iphoneos;
				SWIFT_OPTIMIZATION_LEVEL = "-Owholemodule";
				VALIDATE_PRODUCT = YES;
			};
			name = Release;
		};
		844DFE281FE034D10070223F /* Debug */ = {
			isa = XCBuildConfiguration;
			baseConfigurationReference = 362B302B1A3E1F0AEB2CFDD5 /* Pods-LunchToday.debug.xcconfig */;
			buildSettings = {
				ASSETCATALOG_COMPILER_APPICON_NAME = AppIcon;
				CODE_SIGN_STYLE = Automatic;
				DEVELOPMENT_TEAM = LXAGFP9DLW;
				INFOPLIST_FILE = LunchToday/Info.plist;
				IPHONEOS_DEPLOYMENT_TARGET = 10.0;
				LD_RUNPATH_SEARCH_PATHS = "$(inherited) @executable_path/Frameworks";
				PRODUCT_BUNDLE_IDENTIFIER = com.123lunch.LunchToday;
				PRODUCT_NAME = "$(TARGET_NAME)";
				SWIFT_VERSION = 4.0;
				TARGETED_DEVICE_FAMILY = "1,2";
			};
			name = Debug;
		};
		844DFE291FE034D10070223F /* Release */ = {
			isa = XCBuildConfiguration;
			baseConfigurationReference = C57DDDAA34EF1E58DCBADFB2 /* Pods-LunchToday.release.xcconfig */;
			buildSettings = {
				ASSETCATALOG_COMPILER_APPICON_NAME = AppIcon;
				CODE_SIGN_STYLE = Automatic;
				DEVELOPMENT_TEAM = LXAGFP9DLW;
				INFOPLIST_FILE = LunchToday/Info.plist;
				IPHONEOS_DEPLOYMENT_TARGET = 10.0;
				LD_RUNPATH_SEARCH_PATHS = "$(inherited) @executable_path/Frameworks";
				PRODUCT_BUNDLE_IDENTIFIER = com.123lunch.LunchToday;
				PRODUCT_NAME = "$(TARGET_NAME)";
				SWIFT_VERSION = 4.0;
				TARGETED_DEVICE_FAMILY = "1,2";
			};
			name = Release;
		};
/* End XCBuildConfiguration section */

/* Begin XCConfigurationList section */
		844DFE101FE034D10070223F /* Build configuration list for PBXProject "LunchToday" */ = {
			isa = XCConfigurationList;
			buildConfigurations = (
				844DFE251FE034D10070223F /* Debug */,
				844DFE261FE034D10070223F /* Release */,
			);
			defaultConfigurationIsVisible = 0;
			defaultConfigurationName = Release;
		};
		844DFE271FE034D10070223F /* Build configuration list for PBXNativeTarget "LunchToday" */ = {
			isa = XCConfigurationList;
			buildConfigurations = (
				844DFE281FE034D10070223F /* Debug */,
				844DFE291FE034D10070223F /* Release */,
			);
			defaultConfigurationIsVisible = 0;
			defaultConfigurationName = Release;
		};
/* End XCConfigurationList section */
	};
	rootObject = 844DFE0D1FE034D10070223F /* Project object */;
}
